// !$*UTF8*$!
{
	archiveVersion = 1;
	classes = {
	};
	objectVersion = 45;
	objects = {

/* Begin PBXBuildFile section */
		1D3623260D0F684500981E51 /* LockScreenAppDelegate.m in Sources */ = {isa = PBXBuildFile; fileRef = 1D3623250D0F684500981E51 /* LockScreenAppDelegate.m */; };
		1D60589B0D05DD56006BFB54 /* main.m in Sources */ = {isa = PBXBuildFile; fileRef = 29B97316FDCFA39411CA2CEA /* main.m */; };
		1D60589F0D05DD5A006BFB54 /* Foundation.framework in Frameworks */ = {isa = PBXBuildFile; fileRef = 1D30AB110D05D00D00671497 /* Foundation.framework */; };
		1DF5F4E00D08C38300B7A737 /* UIKit.framework in Frameworks */ = {isa = PBXBuildFile; fileRef = 1DF5F4DF0D08C38300B7A737 /* UIKit.framework */; };
		2892E4100DC94CBA00A64D0F /* CoreGraphics.framework in Frameworks */ = {isa = PBXBuildFile; fileRef = 2892E40F0DC94CBA00A64D0F /* CoreGraphics.framework */; };
		28AD73600D9D9599002E5188 /* MainWindow.xib in Resources */ = {isa = PBXBuildFile; fileRef = 28AD735F0D9D9599002E5188 /* MainWindow.xib */; };
		28C286E10D94DF7D0034E888 /* RootViewController.m in Sources */ = {isa = PBXBuildFile; fileRef = 28C286E00D94DF7D0034E888 /* RootViewController.m */; };
		28F335F11007B36200424DE2 /* RootViewController.xib in Resources */ = {isa = PBXBuildFile; fileRef = 28F335F01007B36200424DE2 /* RootViewController.xib */; };
		D79181A5129A95F800F3C567 /* LCYPassCodeEditorViewController.m in Sources */ = {isa = PBXBuildFile; fileRef = D79181A3129A95F800F3C567 /* LCYPassCodeEditorViewController.m */; };
		D79181A6129A95F800F3C567 /* LCYPassCodeEditorViewController.xib in Resources */ = {isa = PBXBuildFile; fileRef = D79181A4129A95F800F3C567 /* LCYPassCodeEditorViewController.xib */; };
		D7A25D81129C854D0028E793 /* LCYChangePasscodeStateMachine.m in Sources */ = {isa = PBXBuildFile; fileRef = D7A25D80129C854D0028E793 /* LCYChangePasscodeStateMachine.m */; };
		D7B0BDB6128701900023F4C1 /* LCYLockScreenViewController.m in Sources */ = {isa = PBXBuildFile; fileRef = D7B0BDB4128701900023F4C1 /* LCYLockScreenViewController.m */; };
		D7B0BDB7128701900023F4C1 /* LCYLockScreen.xib in Resources */ = {isa = PBXBuildFile; fileRef = D7B0BDB5128701900023F4C1 /* LCYLockScreen.xib */; };
		D7C54379129EB04400ACAC4C /* LCYTurnOffPasscodeStateMachine.m in Sources */ = {isa = PBXBuildFile; fileRef = D7C54378129EB04400ACAC4C /* LCYTurnOffPasscodeStateMachine.m */; };
		D7C5438E129EB62200ACAC4C /* LCYPasscodeUIStateMachine.m in Sources */ = {isa = PBXBuildFile; fileRef = D7C5438D129EB62200ACAC4C /* LCYPasscodeUIStateMachine.m */; };
		D7E35D3C12970AAB00B70660 /* ToDo.txt in Resources */ = {isa = PBXBuildFile; fileRef = D7E35D3B12970AAB00B70660 /* ToDo.txt */; };
		D7EBD2A31299EB5D002DE800 /* LCYDataBackedTableView.m in Sources */ = {isa = PBXBuildFile; fileRef = D7EBD2A21299EB5D002DE800 /* LCYDataBackedTableView.m */; };
		D7EBD2E11299F197002DE800 /* LCYLockSettingsViewController.m in Sources */ = {isa = PBXBuildFile; fileRef = D7EBD2DF1299F197002DE800 /* LCYLockSettingsViewController.m */; };
		D7EBD2E21299F197002DE800 /* LCYLockSettingsViewController.xib in Resources */ = {isa = PBXBuildFile; fileRef = D7EBD2E01299F197002DE800 /* LCYLockSettingsViewController.xib */; };
/* End PBXBuildFile section */

/* Begin PBXFileReference section */
		1D30AB110D05D00D00671497 /* Foundation.framework */ = {isa = PBXFileReference; lastKnownFileType = wrapper.framework; name = Foundation.framework; path = System/Library/Frameworks/Foundation.framework; sourceTree = SDKROOT; };
		1D3623240D0F684500981E51 /* LockScreenAppDelegate.h */ = {isa = PBXFileReference; fileEncoding = 4; lastKnownFileType = sourcecode.c.h; path = LockScreenAppDelegate.h; sourceTree = "<group>"; };
		1D3623250D0F684500981E51 /* LockScreenAppDelegate.m */ = {isa = PBXFileReference; fileEncoding = 4; lastKnownFileType = sourcecode.c.objc; path = LockScreenAppDelegate.m; sourceTree = "<group>"; };
		1D6058910D05DD3D006BFB54 /* LockScreen.app */ = {isa = PBXFileReference; explicitFileType = wrapper.application; includeInIndex = 0; path = LockScreen.app; sourceTree = BUILT_PRODUCTS_DIR; };
		1DF5F4DF0D08C38300B7A737 /* UIKit.framework */ = {isa = PBXFileReference; lastKnownFileType = wrapper.framework; name = UIKit.framework; path = System/Library/Frameworks/UIKit.framework; sourceTree = SDKROOT; };
		2892E40F0DC94CBA00A64D0F /* CoreGraphics.framework */ = {isa = PBXFileReference; lastKnownFileType = wrapper.framework; name = CoreGraphics.framework; path = System/Library/Frameworks/CoreGraphics.framework; sourceTree = SDKROOT; };
		28A0AAE50D9B0CCF005BE974 /* LockScreen_Prefix.pch */ = {isa = PBXFileReference; fileEncoding = 4; lastKnownFileType = sourcecode.c.h; path = LockScreen_Prefix.pch; sourceTree = "<group>"; };
		28AD735F0D9D9599002E5188 /* MainWindow.xib */ = {isa = PBXFileReference; lastKnownFileType = file.xib; path = MainWindow.xib; sourceTree = "<group>"; };
		28C286DF0D94DF7D0034E888 /* RootViewController.h */ = {isa = PBXFileReference; fileEncoding = 4; lastKnownFileType = sourcecode.c.h; path = RootViewController.h; sourceTree = "<group>"; };
		28C286E00D94DF7D0034E888 /* RootViewController.m */ = {isa = PBXFileReference; fileEncoding = 4; lastKnownFileType = sourcecode.c.objc; path = RootViewController.m; sourceTree = "<group>"; };
		28F335F01007B36200424DE2 /* RootViewController.xib */ = {isa = PBXFileReference; lastKnownFileType = file.xib; path = RootViewController.xib; sourceTree = "<group>"; };
		29B97316FDCFA39411CA2CEA /* main.m */ = {isa = PBXFileReference; fileEncoding = 4; lastKnownFileType = sourcecode.c.objc; path = main.m; sourceTree = "<group>"; };
		8D1107310486CEB800E47090 /* LockScreen-Info.plist */ = {isa = PBXFileReference; fileEncoding = 4; lastKnownFileType = text.plist.xml; path = "LockScreen-Info.plist"; plistStructureDefinitionIdentifier = "com.apple.xcode.plist.structure-definition.iphone.info-plist"; sourceTree = "<group>"; };
		D79181A2129A95F800F3C567 /* LCYPassCodeEditorViewController.h */ = {isa = PBXFileReference; fileEncoding = 4; lastKnownFileType = sourcecode.c.h; path = LCYPassCodeEditorViewController.h; sourceTree = "<group>"; };
		D79181A3129A95F800F3C567 /* LCYPassCodeEditorViewController.m */ = {isa = PBXFileReference; fileEncoding = 4; lastKnownFileType = sourcecode.c.objc; path = LCYPassCodeEditorViewController.m; sourceTree = "<group>"; };
		D79181A4129A95F800F3C567 /* LCYPassCodeEditorViewController.xib */ = {isa = PBXFileReference; lastKnownFileType = file.xib; path = LCYPassCodeEditorViewController.xib; sourceTree = "<group>"; };
		D7A25D7F129C854D0028E793 /* LCYChangePasscodeStateMachine.h */ = {isa = PBXFileReference; fileEncoding = 4; lastKnownFileType = sourcecode.c.h; path = LCYChangePasscodeStateMachine.h; sourceTree = "<group>"; };
		D7A25D80129C854D0028E793 /* LCYChangePasscodeStateMachine.m */ = {isa = PBXFileReference; fileEncoding = 4; lastKnownFileType = sourcecode.c.objc; path = LCYChangePasscodeStateMachine.m; sourceTree = "<group>"; };
		D7B0BDB3128701900023F4C1 /* LCYLockScreenViewController.h */ = {isa = PBXFileReference; fileEncoding = 4; lastKnownFileType = sourcecode.c.h; path = LCYLockScreenViewController.h; sourceTree = "<group>"; };
		D7B0BDB4128701900023F4C1 /* LCYLockScreenViewController.m */ = {isa = PBXFileReference; fileEncoding = 4; lastKnownFileType = sourcecode.c.objc; path = LCYLockScreenViewController.m; sourceTree = "<group>"; };
		D7B0BDB5128701900023F4C1 /* LCYLockScreen.xib */ = {isa = PBXFileReference; lastKnownFileType = file.xib; path = LCYLockScreen.xib; sourceTree = "<group>"; };
		D7C54377129EB04400ACAC4C /* LCYTurnOffPasscodeStateMachine.h */ = {isa = PBXFileReference; fileEncoding = 4; lastKnownFileType = sourcecode.c.h; path = LCYTurnOffPasscodeStateMachine.h; sourceTree = "<group>"; };
		D7C54378129EB04400ACAC4C /* LCYTurnOffPasscodeStateMachine.m */ = {isa = PBXFileReference; fileEncoding = 4; lastKnownFileType = sourcecode.c.objc; path = LCYTurnOffPasscodeStateMachine.m; sourceTree = "<group>"; };
		D7C5438C129EB62200ACAC4C /* LCYPasscodeUIStateMachine.h */ = {isa = PBXFileReference; fileEncoding = 4; lastKnownFileType = sourcecode.c.h; path = LCYPasscodeUIStateMachine.h; sourceTree = "<group>"; };
		D7C5438D129EB62200ACAC4C /* LCYPasscodeUIStateMachine.m */ = {isa = PBXFileReference; fileEncoding = 4; lastKnownFileType = sourcecode.c.objc; path = LCYPasscodeUIStateMachine.m; sourceTree = "<group>"; };
		D7E35D3B12970AAB00B70660 /* ToDo.txt */ = {isa = PBXFileReference; fileEncoding = 4; lastKnownFileType = text; path = ToDo.txt; sourceTree = "<group>"; };
		D7EBD2A11299EB5D002DE800 /* LCYDataBackedTableView.h */ = {isa = PBXFileReference; fileEncoding = 4; lastKnownFileType = sourcecode.c.h; path = LCYDataBackedTableView.h; sourceTree = "<group>"; };
		D7EBD2A21299EB5D002DE800 /* LCYDataBackedTableView.m */ = {isa = PBXFileReference; fileEncoding = 4; lastKnownFileType = sourcecode.c.objc; path = LCYDataBackedTableView.m; sourceTree = "<group>"; };
		D7EBD2DE1299F197002DE800 /* LCYLockSettingsViewController.h */ = {isa = PBXFileReference; fileEncoding = 4; lastKnownFileType = sourcecode.c.h; path = LCYLockSettingsViewController.h; sourceTree = "<group>"; };
		D7EBD2DF1299F197002DE800 /* LCYLockSettingsViewController.m */ = {isa = PBXFileReference; fileEncoding = 4; lastKnownFileType = sourcecode.c.objc; path = LCYLockSettingsViewController.m; sourceTree = "<group>"; };
		D7EBD2E01299F197002DE800 /* LCYLockSettingsViewController.xib */ = {isa = PBXFileReference; lastKnownFileType = file.xib; path = LCYLockSettingsViewController.xib; sourceTree = "<group>"; };
/* End PBXFileReference section */

/* Begin PBXFrameworksBuildPhase section */
		1D60588F0D05DD3D006BFB54 /* Frameworks */ = {
			isa = PBXFrameworksBuildPhase;
			buildActionMask = 2147483647;
			files = (
				1D60589F0D05DD5A006BFB54 /* Foundation.framework in Frameworks */,
				1DF5F4E00D08C38300B7A737 /* UIKit.framework in Frameworks */,
				2892E4100DC94CBA00A64D0F /* CoreGraphics.framework in Frameworks */,
			);
			runOnlyForDeploymentPostprocessing = 0;
		};
/* End PBXFrameworksBuildPhase section */

/* Begin PBXGroup section */
		080E96DDFE201D6D7F000001 /* Classes */ = {
			isa = PBXGroup;
			children = (
				D7A25D7E129C84510028E793 /* Pass Code State Machine */,
				D791819A129A957800F3C567 /* Pass Code Editor */,
				D7EBD2DD1299F04B002DE800 /* Lock Screen Settings */,
				D7EBD2A11299EB5D002DE800 /* LCYDataBackedTableView.h */,
				D7EBD2A21299EB5D002DE800 /* LCYDataBackedTableView.m */,
				D7B0BDB21287017B0023F4C1 /* Lock Screen */,
				28C286DF0D94DF7D0034E888 /* RootViewController.h */,
				28C286E00D94DF7D0034E888 /* RootViewController.m */,
				1D3623240D0F684500981E51 /* LockScreenAppDelegate.h */,
				1D3623250D0F684500981E51 /* LockScreenAppDelegate.m */,
			);
			path = Classes;
			sourceTree = "<group>";
		};
		19C28FACFE9D520D11CA2CBB /* Products */ = {
			isa = PBXGroup;
			children = (
				1D6058910D05DD3D006BFB54 /* LockScreen.app */,
			);
			name = Products;
			sourceTree = "<group>";
		};
		29B97314FDCFA39411CA2CEA /* CustomTemplate */ = {
			isa = PBXGroup;
			children = (
				D7E35D3A12970A9400B70660 /* Docs */,
				080E96DDFE201D6D7F000001 /* Classes */,
				29B97315FDCFA39411CA2CEA /* Other Sources */,
				29B97317FDCFA39411CA2CEA /* Resources */,
				29B97323FDCFA39411CA2CEA /* Frameworks */,
				19C28FACFE9D520D11CA2CBB /* Products */,
			);
			name = CustomTemplate;
			sourceTree = "<group>";
		};
		29B97315FDCFA39411CA2CEA /* Other Sources */ = {
			isa = PBXGroup;
			children = (
				28A0AAE50D9B0CCF005BE974 /* LockScreen_Prefix.pch */,
				29B97316FDCFA39411CA2CEA /* main.m */,
			);
			name = "Other Sources";
			sourceTree = "<group>";
		};
		29B97317FDCFA39411CA2CEA /* Resources */ = {
			isa = PBXGroup;
			children = (
				28F335F01007B36200424DE2 /* RootViewController.xib */,
				28AD735F0D9D9599002E5188 /* MainWindow.xib */,
				8D1107310486CEB800E47090 /* LockScreen-Info.plist */,
			);
			name = Resources;
			sourceTree = "<group>";
		};
		29B97323FDCFA39411CA2CEA /* Frameworks */ = {
			isa = PBXGroup;
			children = (
				1DF5F4DF0D08C38300B7A737 /* UIKit.framework */,
				1D30AB110D05D00D00671497 /* Foundation.framework */,
				2892E40F0DC94CBA00A64D0F /* CoreGraphics.framework */,
			);
			name = Frameworks;
			sourceTree = "<group>";
		};
		D791819A129A957800F3C567 /* Pass Code Editor */ = {
			isa = PBXGroup;
			children = (
				D79181A2129A95F800F3C567 /* LCYPassCodeEditorViewController.h */,
				D79181A3129A95F800F3C567 /* LCYPassCodeEditorViewController.m */,
				D79181A4129A95F800F3C567 /* LCYPassCodeEditorViewController.xib */,
			);
			name = "Pass Code Editor";
			sourceTree = "<group>";
		};
		D7A25D7E129C84510028E793 /* Pass Code State Machine */ = {
			isa = PBXGroup;
			children = (
				D7C5438C129EB62200ACAC4C /* LCYPasscodeUIStateMachine.h */,
				D7C5438D129EB62200ACAC4C /* LCYPasscodeUIStateMachine.m */,
				D7A25D7F129C854D0028E793 /* LCYChangePasscodeStateMachine.h */,
				D7A25D80129C854D0028E793 /* LCYChangePasscodeStateMachine.m */,
				D7C54377129EB04400ACAC4C /* LCYTurnOffPasscodeStateMachine.h */,
				D7C54378129EB04400ACAC4C /* LCYTurnOffPasscodeStateMachine.m */,
			);
			name = "Pass Code State Machine";
			sourceTree = "<group>";
		};
		D7B0BDB21287017B0023F4C1 /* Lock Screen */ = {
			isa = PBXGroup;
			children = (
				D7B0BDB3128701900023F4C1 /* LCYLockScreenViewController.h */,
				D7B0BDB4128701900023F4C1 /* LCYLockScreenViewController.m */,
				D7B0BDB5128701900023F4C1 /* LCYLockScreen.xib */,
			);
			name = "Lock Screen";
			sourceTree = "<group>";
		};
		D7E35D3A12970A9400B70660 /* Docs */ = {
			isa = PBXGroup;
			children = (
				D7E35D3B12970AAB00B70660 /* ToDo.txt */,
			);
			name = Docs;
			sourceTree = "<group>";
		};
		D7EBD2DD1299F04B002DE800 /* Lock Screen Settings */ = {
			isa = PBXGroup;
			children = (
				D7EBD2DE1299F197002DE800 /* LCYLockSettingsViewController.h */,
				D7EBD2DF1299F197002DE800 /* LCYLockSettingsViewController.m */,
				D7EBD2E01299F197002DE800 /* LCYLockSettingsViewController.xib */,
			);
			name = "Lock Screen Settings";
			sourceTree = "<group>";
		};
/* End PBXGroup section */

/* Begin PBXNativeTarget section */
		1D6058900D05DD3D006BFB54 /* LockScreen */ = {
			isa = PBXNativeTarget;
			buildConfigurationList = 1D6058960D05DD3E006BFB54 /* Build configuration list for PBXNativeTarget "LockScreen" */;
			buildPhases = (
				1D60588D0D05DD3D006BFB54 /* Resources */,
				1D60588E0D05DD3D006BFB54 /* Sources */,
				1D60588F0D05DD3D006BFB54 /* Frameworks */,
			);
			buildRules = (
			);
			dependencies = (
			);
			name = LockScreen;
			productName = LockScreen;
			productReference = 1D6058910D05DD3D006BFB54 /* LockScreen.app */;
			productType = "com.apple.product-type.application";
		};
/* End PBXNativeTarget section */

/* Begin PBXProject section */
		29B97313FDCFA39411CA2CEA /* Project object */ = {
			isa = PBXProject;
			buildConfigurationList = C01FCF4E08A954540054247B /* Build configuration list for PBXProject "LockScreen" */;
			compatibilityVersion = "Xcode 3.1";
			developmentRegion = English;
			hasScannedForEncodings = 1;
			knownRegions = (
				English,
				Japanese,
				French,
				German,
				en,
			);
			mainGroup = 29B97314FDCFA39411CA2CEA /* CustomTemplate */;
			projectDirPath = "";
			projectRoot = "";
			targets = (
				1D6058900D05DD3D006BFB54 /* LockScreen */,
			);
		};
/* End PBXProject section */

/* Begin PBXResourcesBuildPhase section */
		1D60588D0D05DD3D006BFB54 /* Resources */ = {
			isa = PBXResourcesBuildPhase;
			buildActionMask = 2147483647;
			files = (
				28AD73600D9D9599002E5188 /* MainWindow.xib in Resources */,
				28F335F11007B36200424DE2 /* RootViewController.xib in Resources */,
				D7B0BDB7128701900023F4C1 /* LCYLockScreen.xib in Resources */,
				D7E35D3C12970AAB00B70660 /* ToDo.txt in Resources */,
				D7EBD2E21299F197002DE800 /* LCYLockSettingsViewController.xib in Resources */,
				D79181A6129A95F800F3C567 /* LCYPassCodeEditorViewController.xib in Resources */,
			);
			runOnlyForDeploymentPostprocessing = 0;
		};
/* End PBXResourcesBuildPhase section */

/* Begin PBXSourcesBuildPhase section */
		1D60588E0D05DD3D006BFB54 /* Sources */ = {
			isa = PBXSourcesBuildPhase;
			buildActionMask = 2147483647;
			files = (
				1D60589B0D05DD56006BFB54 /* main.m in Sources */,
				1D3623260D0F684500981E51 /* LockScreenAppDelegate.m in Sources */,
				28C286E10D94DF7D0034E888 /* RootViewController.m in Sources */,
				D7B0BDB6128701900023F4C1 /* LCYLockScreenViewController.m in Sources */,
				D7EBD2A31299EB5D002DE800 /* LCYDataBackedTableView.m in Sources */,
				D7EBD2E11299F197002DE800 /* LCYLockSettingsViewController.m in Sources */,
				D79181A5129A95F800F3C567 /* LCYPassCodeEditorViewController.m in Sources */,
				D7A25D81129C854D0028E793 /* LCYChangePasscodeStateMachine.m in Sources */,
				D7C54379129EB04400ACAC4C /* LCYTurnOffPasscodeStateMachine.m in Sources */,
				D7C5438E129EB62200ACAC4C /* LCYPasscodeUIStateMachine.m in Sources */,
			);
			runOnlyForDeploymentPostprocessing = 0;
		};
/* End PBXSourcesBuildPhase section */

/* Begin XCBuildConfiguration section */
		1D6058940D05DD3E006BFB54 /* Debug */ = {
			isa = XCBuildConfiguration;
			buildSettings = {
				ALWAYS_SEARCH_USER_PATHS = NO;
				COPY_PHASE_STRIP = NO;
				GCC_DYNAMIC_NO_PIC = NO;
				GCC_OPTIMIZATION_LEVEL = 0;
				GCC_PRECOMPILE_PREFIX_HEADER = YES;
				GCC_PREFIX_HEADER = LockScreen_Prefix.pch;
				INFOPLIST_FILE = "LockScreen-Info.plist";
				PRODUCT_NAME = LockScreen;
			};
			name = Debug;
		};
		1D6058950D05DD3E006BFB54 /* Release */ = {
			isa = XCBuildConfiguration;
			buildSettings = {
				ALWAYS_SEARCH_USER_PATHS = NO;
				COPY_PHASE_STRIP = YES;
				GCC_PRECOMPILE_PREFIX_HEADER = YES;
				GCC_PREFIX_HEADER = LockScreen_Prefix.pch;
				INFOPLIST_FILE = "LockScreen-Info.plist";
				PRODUCT_NAME = LockScreen;
				VALIDATE_PRODUCT = YES;
			};
			name = Release;
		};
		C01FCF4F08A954540054247B /* Debug */ = {
			isa = XCBuildConfiguration;
			buildSettings = {
				ARCHS = "$(ARCHS_STANDARD_32_BIT)";
				"CODE_SIGN_IDENTITY[sdk=iphoneos*]" = "iPhone Developer";
				GCC_C_LANGUAGE_STANDARD = c99;
				GCC_WARN_ABOUT_RETURN_TYPE = YES;
				GCC_WARN_UNUSED_VARIABLE = YES;
				PREBINDING = NO;
				SDKROOT = iphoneos;
			};
			name = Debug;
		};
		C01FCF5008A954540054247B /* Release */ = {
			isa = XCBuildConfiguration;
			buildSettings = {
				ARCHS = "$(ARCHS_STANDARD_32_BIT)";
				"CODE_SIGN_IDENTITY[sdk=iphoneos*]" = "iPhone Developer";
				GCC_C_LANGUAGE_STANDARD = c99;
				GCC_WARN_ABOUT_RETURN_TYPE = YES;
				GCC_WARN_UNUSED_VARIABLE = YES;
				OTHER_CFLAGS = "-DNS_BLOCK_ASSERTIONS=1";
				PREBINDING = NO;
				SDKROOT = iphoneos;
			};
			name = Release;
		};
/* End XCBuildConfiguration section */

/* Begin XCConfigurationList section */
		1D6058960D05DD3E006BFB54 /* Build configuration list for PBXNativeTarget "LockScreen" */ = {
			isa = XCConfigurationList;
			buildConfigurations = (
				1D6058940D05DD3E006BFB54 /* Debug */,
				1D6058950D05DD3E006BFB54 /* Release */,
			);
			defaultConfigurationIsVisible = 0;
			defaultConfigurationName = Release;
		};
		C01FCF4E08A954540054247B /* Build configuration list for PBXProject "LockScreen" */ = {
			isa = XCConfigurationList;
			buildConfigurations = (
				C01FCF4F08A954540054247B /* Debug */,
				C01FCF5008A954540054247B /* Release */,
			);
			defaultConfigurationIsVisible = 0;
			defaultConfigurationName = Release;
		};
/* End XCConfigurationList section */
	};
	rootObject = 29B97313FDCFA39411CA2CEA /* Project object */;
}
